
Microsoft Visual Studio Solution File, Format Version 12.00
# Visual Studio 15
VisualStudioVersion = 15.0.28010.2041
MinimumVisualStudioVersion = 10.0.40219.1
Project("{2150E333-8FDC-42A3-9474-1A3956D46DE8}") = "src", "src", "{BDB8C5ED-F6EE-4448-988C-E83785B89D70}"
EndProject
Project("{2150E333-8FDC-42A3-9474-1A3956D46DE8}") = "tests", "tests", "{A4CEE1C8-3A35-4DDB-92E8-237C212AAA0A}"
EndProject
Project("{2150E333-8FDC-42A3-9474-1A3956D46DE8}") = "Services", "Services", "{1288BD14-1F8A-45CC-972E-B913676F9248}"
EndProject
Project("{2150E333-8FDC-42A3-9474-1A3956D46DE8}") = "Tasks", "Tasks", "{2DD6239B-C891-478F-942D-6180D71297C3}"
EndProject
Project("{9A19103F-16F7-4668-BE54-9A1E7A4F7556}") = "Tasks.Domain", "src\Services\Tasks\Tasks.Domain\Tasks.Domain.csproj", "{BEA6A642-DB04-4CC5-906A-C6959B6A851F}"
EndProject
Project("{9A19103F-16F7-4668-BE54-9A1E7A4F7556}") = "Tasks.Infrastructure", "Tasks.Infrastructure\Tasks.Infrastructure.csproj", "{3EA92C28-FBA4-4C73-8750-386D503F2C23}"
EndProject
Global
	GlobalSection(SolutionConfigurationPlatforms) = preSolution
		Debug|Any CPU = Debug|Any CPU
		Release|Any CPU = Release|Any CPU
	EndGlobalSection
	GlobalSection(ProjectConfigurationPlatforms) = postSolution
		{BEA6A642-DB04-4CC5-906A-C6959B6A851F}.Debug|Any CPU.ActiveCfg = Debug|Any CPU
		{BEA6A642-DB04-4CC5-906A-C6959B6A851F}.Debug|Any CPU.Build.0 = Debug|Any CPU
		{BEA6A642-DB04-4CC5-906A-C6959B6A851F}.Release|Any CPU.ActiveCfg = Release|Any CPU
		{BEA6A642-DB04-4CC5-906A-C6959B6A851F}.Release|Any CPU.Build.0 = Release|Any CPU
		{3EA92C28-FBA4-4C73-8750-386D503F2C23}.Debug|Any CPU.ActiveCfg = Debug|Any CPU
		{3EA92C28-FBA4-4C73-8750-386D503F2C23}.Debug|Any CPU.Build.0 = Debug|Any CPU
		{3EA92C28-FBA4-4C73-8750-386D503F2C23}.Release|Any CPU.ActiveCfg = Release|Any CPU
		{3EA92C28-FBA4-4C73-8750-386D503F2C23}.Release|Any CPU.Build.0 = Release|Any CPU
	EndGlobalSection
	GlobalSection(SolutionProperties) = preSolution
		HideSolutionNode = FALSE
	EndGlobalSection
	GlobalSection(NestedProjects) = preSolution
		{1288BD14-1F8A-45CC-972E-B913676F9248} = {BDB8C5ED-F6EE-4448-988C-E83785B89D70}
		{2DD6239B-C891-478F-942D-6180D71297C3} = {1288BD14-1F8A-45CC-972E-B913676F9248}
		{BEA6A642-DB04-4CC5-906A-C6959B6A851F} = {2DD6239B-C891-478F-942D-6180D71297C3}
		{3EA92C28-FBA4-4C73-8750-386D503F2C23} = {2DD6239B-C891-478F-942D-6180D71297C3}
	EndGlobalSection
	GlobalSection(ExtensibilityGlobals) = postSolution
		SolutionGuid = {57DC7C66-5D68-40E8-9910-4458D9EBFA42}
	EndGlobalSection
EndGlobal
